
Microsoft Visual Studio Solution File, Format Version 12.00
# Visual Studio Version 17
VisualStudioVersion = 17.11.35327.3
MinimumVisualStudioVersion = 10.0.40219.1
Project("{FAE04EC0-301F-11D3-BF4B-00C04F79EFBC}") = "WBAPI", "WBAPI\WBAPI.csproj", "{B19FBCB3-36E1-4D10-8884-05D0E5C752EC}"
EndProject
Global
	GlobalSection(SolutionConfigurationPlatforms) = preSolution
		Debug|Any CPU = Debug|Any CPU
		Release|Any CPU = Release|Any CPU
	EndGlobalSection
	GlobalSection(ProjectConfigurationPlatforms) = postSolution
		{B19FBCB3-36E1-4D10-8884-05D0E5C752EC}.Debug|Any CPU.ActiveCfg = Debug|Any CPU
		{B19FBCB3-36E1-4D10-8884-05D0E5C752EC}.Debug|Any CPU.Build.0 = Debug|Any CPU
		{B19FBCB3-36E1-4D10-8884-05D0E5C752EC}.Release|Any CPU.ActiveCfg = Release|Any CPU
		{B19FBCB3-36E1-4D10-8884-05D0E5C752EC}.Release|Any CPU.Build.0 = Release|Any CPU
	EndGlobalSection
	GlobalSection(SolutionProperties) = preSolution
		HideSolutionNode = FALSE
	EndGlobalSection
	GlobalSection(ExtensibilityGlobals) = postSolution
		SolutionGuid = {977E00B6-D8BD-4FA2-B644-013936327F6B}
	EndGlobalSection
EndGlobal
